
Microsoft Visual Studio Solution File, Format Version 12.00
# Visual Studio Version 17
VisualStudioVersion = 17.14.36221.1 d17.14
MinimumVisualStudioVersion = 10.0.40219.1
Project("{FAE04EC0-301F-11D3-BF4B-00C04F79EFBC}") = "PhoneShop", "PhoneShop\PhoneShop.csproj", "{7378FC44-D220-432B-B15B-A486A5BDB427}"
EndProject
Global
	GlobalSection(SolutionConfigurationPlatforms) = preSolution
		Debug|Any CPU = Debug|Any CPU
		Release|Any CPU = Release|Any CPU
	EndGlobalSection
	GlobalSection(ProjectConfigurationPlatforms) = postSolution
		{7378FC44-D220-432B-B15B-A486A5BDB427}.Debug|Any CPU.ActiveCfg = Debug|Any CPU
		{7378FC44-D220-432B-B15B-A486A5BDB427}.Debug|Any CPU.Build.0 = Debug|Any CPU
		{7378FC44-D220-432B-B15B-A486A5BDB427}.Release|Any CPU.ActiveCfg = Release|Any CPU
		{7378FC44-D220-432B-B15B-A486A5BDB427}.Release|Any CPU.Build.0 = Release|Any CPU
	EndGlobalSection
	GlobalSection(SolutionProperties) = preSolution
		HideSolutionNode = FALSE
	EndGlobalSection
	GlobalSection(ExtensibilityGlobals) = postSolution
		SolutionGuid = {BCF26AA6-5635-4C0C-97A7-14B774485876}
	EndGlobalSection
EndGlobal
